{
    "_meta": {
        "hash": {
            "sha256": "f964ddbebcff992446c361cf131085ae72366150b4e9d88f4f0c9c62ac76b2b6"
        },
        "pipfile-spec": 6,
        "requires": {
            "python_version": "3.9"
        },
        "sources": [
            {
                "name": "pypi",
                "url": "https://pypi.org/simple",
                "verify_ssl": true
            }
        ]
    },
    "default": {
        "hyperscan": {
            "hashes": [
                "sha256:13dcd2bc677f20fa379857055784bc539d812f55ea476a2d6188cdf956f91a37",
                "sha256:1add719816b001dd6c86554d1d4d44bc3fb6c18f31bca2e836155ec73985643d",
                "sha256:29844caa12e191696e634d969fc128d2235eaabf711f08bac0e23e63a662c354",
                "sha256:829c49619e1c41d59cad9c504450cec7e9434aae52d08999c266d07d6b9c66d1",
                "sha256:8be76a81a40d4e1c7236a8403f3a6dc7ceb01bb17a5ba42b3202c0159e3ad6c9",
                "sha256:d3c19391b34525f169e52d4091653368d3db019e07029ca668f1ecb4fde3d933"
            ],
            "index": "pypi",
            "version": "==0.4.0"
        },
        "joblib": {
            "hashes": [
                "sha256:091138ed78f800342968c523bdde947e7a305b8594b910a0fea2ab83c3c6d385",
                "sha256:e1cee4a79e4af22881164f218d4311f60074197fb707e082e803b61f6d137018"
            ],
            "index": "pypi",
            "version": "==1.2.0"
        },
        "numpy": {
            "hashes": [
                "sha256:0ec87a7084caa559c36e0a2309e4ecb1baa03b687201d0a847c8b0ed476a7187",
                "sha256:1a7d6acc2e7524c9955e5c903160aa4ea083736fde7e91276b0e5d98e6332812",
                "sha256:202de8f38fc4a45a3eea4b63e2f376e5f2dc64ef0fa692838e31a808520efaf7",
                "sha256:210461d87fb02a84ef243cac5e814aad2b7f4be953b32cb53327bb49fd77fbb4",
                "sha256:2d926b52ba1367f9acb76b0df6ed21f0b16a1ad87c6720a1121674e5cf63e2b6",
                "sha256:352ee00c7f8387b44d19f4cada524586f07379c0d49270f87233983bc5087ca0",
                "sha256:35400e6a8d102fd07c71ed7dcadd9eb62ee9a6e84ec159bd48c28235bbb0f8e4",
                "sha256:3c1104d3c036fb81ab923f507536daedc718d0ad5a8707c6061cdfd6d184e570",
                "sha256:4719d5aefb5189f50887773699eaf94e7d1e02bf36c1a9d353d9f46703758ca4",
                "sha256:4749e053a29364d3452c034827102ee100986903263e89884922ef01a0a6fd2f",
                "sha256:5342cf6aad47943286afa6f1609cad9b4266a05e7f2ec408e2cf7aea7ff69d80",
                "sha256:56e48aec79ae238f6e4395886b5eaed058abb7231fb3361ddd7bfdf4eed54289",
                "sha256:76e3f4e85fc5d4fd311f6e9b794d0c00e7002ec122be271f2019d63376f1d385",
                "sha256:7776ea65423ca6a15255ba1872d82d207bd1e09f6d0894ee4a64678dd2204078",
                "sha256:784c6da1a07818491b0ffd63c6bbe5a33deaa0e25a20e1b3ea20cf0e43f8046c",
                "sha256:8535303847b89aa6b0f00aa1dc62867b5a32923e4d1681a35b5eef2d9591a463",
                "sha256:9a7721ec204d3a237225db3e194c25268faf92e19338a35f3a224469cb6039a3",
                "sha256:a1d3c026f57ceaad42f8231305d4653d5f05dc6332a730ae5c0bea3513de0950",
                "sha256:ab344f1bf21f140adab8e47fdbc7c35a477dc01408791f8ba00d018dd0bc5155",
                "sha256:ab5f23af8c16022663a652d3b25dcdc272ac3f83c3af4c02eb8b824e6b3ab9d7",
                "sha256:ae8d0be48d1b6ed82588934aaaa179875e7dc4f3d84da18d7eae6eb3f06c242c",
                "sha256:c91c4afd8abc3908e00a44b2672718905b8611503f7ff87390cc0ac3423fb096",
                "sha256:d5036197ecae68d7f491fcdb4df90082b0d4960ca6599ba2659957aafced7c17",
                "sha256:d6cc757de514c00b24ae8cf5c876af2a7c3df189028d68c0cb4eaa9cd5afc2bf",
                "sha256:d933fabd8f6a319e8530d0de4fcc2e6a61917e0b0c271fded460032db42a0fe4",
                "sha256:ea8282b9bcfe2b5e7d491d0bf7f3e2da29700cec05b49e64d6246923329f2b02",
                "sha256:ecde0f8adef7dfdec993fd54b0f78183051b6580f606111a6d789cd14c61ea0c",
                "sha256:f21c442fdd2805e91799fbe044a7b999b8571bb0ab0f7850d0cb9641a687092b"
            ],
            "index": "pypi",
            "version": "==1.24.3"
        },
        "pyarrow": {
            "hashes": [
                "sha256:0846ace49998825eda4722f8d7f83fa05601c832549c9087ea49d6d5397d8cec",
                "sha256:0d8b90efc290e99a81d06015f3a46601c259ecc81ffb6d8ce288c91bd1b868c9",
                "sha256:0e36425b1c1cbf5447718b3f1751bf86c58f2b3ad299f996cd9b1aa040967656",
                "sha256:19c812d303610ab5d664b7b1de4051ae23565f9f94d04cbea9e50569746ae1ee",
                "sha256:1b50bb9a82dca38a002d7cbd802a16b1af0f8c50ed2ec94a319f5f2afc047ee9",
                "sha256:1d568acfca3faa565d663e53ee34173be8e23a95f78f2abfdad198010ec8f745",
                "sha256:23a77d97f4d101ddfe81b9c2ee03a177f0e590a7e68af15eafa06e8f3cf05976",
                "sha256:2466be046b81863be24db370dffd30a2e7894b4f9823fb60ef0a733c31ac6256",
                "sha256:272f147d4f8387bec95f17bb58dcfc7bc7278bb93e01cb7b08a0e93a8921e18e",
                "sha256:280289ebfd4ac3570f6b776515baa01e4dcbf17122c401e4b7170a27c4be63fd",
                "sha256:2cc63e746221cddb9001f7281dee95fd658085dd5b717b076950e1ccc607059c",
                "sha256:3b97649c8a9a09e1d8dc76513054f1331bd9ece78ee39365e6bf6bc7503c1e94",
                "sha256:3d1733b1ea086b3c101427d0e57e2be3eb964686e83c2363862a887bb5c41fa8",
                "sha256:5b0810864a593b89877120972d1f7af1d1c9389876dbed92b962ed81492d3ffc",
                "sha256:7a7b6a765ee4f88efd7d8348d9a1f804487d60799d0428b6ddf3344eaef37282",
                "sha256:7b5b9f60d9ef756db59bec8d90e4576b7df57861e6a3d6a8bf99538f68ca15b3",
                "sha256:92fb031e6777847f5c9b01eaa5aa0c9033e853ee80117dce895f116d8b0c3ca3",
                "sha256:993287136369aca60005ee7d64130f9466489c4f7425f5c284315b0a5401ccd9",
                "sha256:a1c4fce253d5bdc8d62f11cfa3da5b0b34b562c04ce84abb8bd7447e63c2b327",
                "sha256:a7cd32fe77f967fe08228bc100433273020e58dd6caced12627bcc0a7675a513",
                "sha256:b99e559d27db36ad3a33868a475f03e3129430fc065accc839ef4daa12c6dab6",
                "sha256:bc4ea634dacb03936f50fcf59574a8e727f90c17c24527e488d8ceb52ae284de",
                "sha256:d8c26912607e26c2991826bbaf3cf2b9c8c3e17566598c193b492f058b40d3a4",
                "sha256:e6be4d85707fc8e7a221c8ab86a40449ce62559ce25c94321df7c8500245888f",
                "sha256:ea830d9f66bfb82d30b5794642f83dd0e4a718846462d22328981e9eb149cba8"
            ],
            "index": "pypi",
            "version": "==12.0.0"
        },
        "scipy": {
            "hashes": [
                "sha256:049a8bbf0ad95277ffba9b3b7d23e5369cc39e66406d60422c8cfef40ccc8415",
                "sha256:07c3457ce0b3ad5124f98a86533106b643dd811dd61b548e78cf4c8786652f6f",
                "sha256:0f1564ea217e82c1bbe75ddf7285ba0709ecd503f048cb1236ae9995f64217bd",
                "sha256:1553b5dcddd64ba9a0d95355e63fe6c3fc303a8fd77c7bc91e77d61363f7433f",
                "sha256:15a35c4242ec5f292c3dd364a7c71a61be87a3d4ddcc693372813c0b73c9af1d",
                "sha256:1b4735d6c28aad3cdcf52117e0e91d6b39acd4272f3f5cd9907c24ee931ad601",
                "sha256:2cf9dfb80a7b4589ba4c40ce7588986d6d5cebc5457cad2c2880f6bc2d42f3a5",
                "sha256:39becb03541f9e58243f4197584286e339029e8908c46f7221abeea4b749fa88",
                "sha256:43b8e0bcb877faf0abfb613d51026cd5cc78918e9530e375727bf0625c82788f",
                "sha256:4b3f429188c66603a1a5c549fb414e4d3bdc2a24792e061ffbd607d3d75fd84e",
                "sha256:4c0ff64b06b10e35215abce517252b375e580a6125fd5fdf6421b98efbefb2d2",
                "sha256:51af417a000d2dbe1ec6c372dfe688e041a7084da4fdd350aeb139bd3fb55353",
                "sha256:5678f88c68ea866ed9ebe3a989091088553ba12c6090244fdae3e467b1139c35",
                "sha256:79c8e5a6c6ffaf3a2262ef1be1e108a035cf4f05c14df56057b64acc5bebffb6",
                "sha256:7ff7f37b1bf4417baca958d254e8e2875d0cc23aaadbe65b3d5b3077b0eb23ea",
                "sha256:aaea0a6be54462ec027de54fca511540980d1e9eea68b2d5c1dbfe084797be35",
                "sha256:bce5869c8d68cf383ce240e44c1d9ae7c06078a9396df68ce88a1230f93a30c1",
                "sha256:cd9f1027ff30d90618914a64ca9b1a77a431159df0e2a195d8a9e8a04c78abf9",
                "sha256:d925fa1c81b772882aa55bcc10bf88324dadb66ff85d548c71515f6689c6dac5",
                "sha256:e7354fd7527a4b0377ce55f286805b34e8c54b91be865bac273f527e1b839019",
                "sha256:fae8a7b898c42dffe3f7361c40d5952b6bf32d10c4569098d276b4c547905ee1"
            ],
            "index": "pypi",
            "version": "==1.10.1"
        },
        "tqdm": {
            "hashes": [
                "sha256:1871fb68a86b8fb3b59ca4cdd3dcccbc7e6d613eeed31f4c332531977b89beb5",
                "sha256:c4f53a17fe37e132815abceec022631be8ffe1b9381c2e6e30aa70edc99e9671"
            ],
            "index": "pypi",
            "version": "==4.65.0"
        }
    },
    "develop": {}
}
